// !$*UTF8*$!
{
	archiveVersion = 1;
	classes = {
	};
	objectVersion = 55;
	objects = {

/* Begin PBXBuildFile section */
		611726FC2709A8DB005260EC /* AppDelegate.swift in Sources */ = {isa = PBXBuildFile; fileRef = 611726FB2709A8DB005260EC /* AppDelegate.swift */; };
		611726FE2709A8DB005260EC /* SceneDelegate.swift in Sources */ = {isa = PBXBuildFile; fileRef = 611726FD2709A8DB005260EC /* SceneDelegate.swift */; };
		611AA4692962F9E90011025D /* UIColor+Extensions.swift in Sources */ = {isa = PBXBuildFile; fileRef = 611AA4682962F9E90011025D /* UIColor+Extensions.swift */; };
		611AA46B2962FC200011025D /* CountParametersView.swift in Sources */ = {isa = PBXBuildFile; fileRef = 611AA46A2962FC200011025D /* CountParametersView.swift */; };
		611AA46D2962FD7A0011025D /* UIView+Extensions.swift in Sources */ = {isa = PBXBuildFile; fileRef = 611AA46C2962FD7A0011025D /* UIView+Extensions.swift */; };
		611AA46F2962FF610011025D /* UIScreen+Extensions.swift in Sources */ = {isa = PBXBuildFile; fileRef = 611AA46E2962FF610011025D /* UIScreen+Extensions.swift */; };
		611AA47129630C180011025D /* CountParametersController.swift in Sources */ = {isa = PBXBuildFile; fileRef = 611AA47029630C180011025D /* CountParametersController.swift */; };
		611AA47329632D230011025D /* ResultView.swift in Sources */ = {isa = PBXBuildFile; fileRef = 611AA47229632D230011025D /* ResultView.swift */; };
		611AA4752963305C0011025D /* ResultController.swift in Sources */ = {isa = PBXBuildFile; fileRef = 611AA4742963305C0011025D /* ResultController.swift */; };
		611AA477296333040011025D /* CountParametersPresenter.swift in Sources */ = {isa = PBXBuildFile; fileRef = 611AA476296333040011025D /* CountParametersPresenter.swift */; };
		611AA47B29643C000011025D /* ResultPresenter.swift in Sources */ = {isa = PBXBuildFile; fileRef = 611AA47A29643C000011025D /* ResultPresenter.swift */; };
		611AA47E296450D20011025D /* BillModel.swift in Sources */ = {isa = PBXBuildFile; fileRef = 611AA47D296450D20011025D /* BillModel.swift */; };
		6146CEB3270E0F9200A8ABBF /* Assets.xcassets in Resources */ = {isa = PBXBuildFile; fileRef = 611727042709A8DC005260EC /* Assets.xcassets */; };
/* End PBXBuildFile section */

/* Begin PBXFileReference section */
		611726F82709A8DA005260EC /* iTips.app */ = {isa = PBXFileReference; explicitFileType = wrapper.application; includeInIndex = 0; path = iTips.app; sourceTree = BUILT_PRODUCTS_DIR; };
		611726FB2709A8DB005260EC /* AppDelegate.swift */ = {isa = PBXFileReference; lastKnownFileType = sourcecode.swift; path = AppDelegate.swift; sourceTree = "<group>"; };
		611726FD2709A8DB005260EC /* SceneDelegate.swift */ = {isa = PBXFileReference; lastKnownFileType = sourcecode.swift; path = SceneDelegate.swift; sourceTree = "<group>"; };
		611727042709A8DC005260EC /* Assets.xcassets */ = {isa = PBXFileReference; lastKnownFileType = folder.assetcatalog; path = Assets.xcassets; sourceTree = "<group>"; };
		611727092709A8DC005260EC /* Info.plist */ = {isa = PBXFileReference; lastKnownFileType = text.plist.xml; path = Info.plist; sourceTree = "<group>"; };
		611AA4682962F9E90011025D /* UIColor+Extensions.swift */ = {isa = PBXFileReference; lastKnownFileType = sourcecode.swift; path = "UIColor+Extensions.swift"; sourceTree = "<group>"; };
		611AA46A2962FC200011025D /* CountParametersView.swift */ = {isa = PBXFileReference; lastKnownFileType = sourcecode.swift; path = CountParametersView.swift; sourceTree = "<group>"; };
		611AA46C2962FD7A0011025D /* UIView+Extensions.swift */ = {isa = PBXFileReference; lastKnownFileType = sourcecode.swift; path = "UIView+Extensions.swift"; sourceTree = "<group>"; };
		611AA46E2962FF610011025D /* UIScreen+Extensions.swift */ = {isa = PBXFileReference; lastKnownFileType = sourcecode.swift; path = "UIScreen+Extensions.swift"; sourceTree = "<group>"; };
		611AA47029630C180011025D /* CountParametersController.swift */ = {isa = PBXFileReference; lastKnownFileType = sourcecode.swift; path = CountParametersController.swift; sourceTree = "<group>"; };
		611AA47229632D230011025D /* ResultView.swift */ = {isa = PBXFileReference; lastKnownFileType = sourcecode.swift; path = ResultView.swift; sourceTree = "<group>"; };
		611AA4742963305C0011025D /* ResultController.swift */ = {isa = PBXFileReference; lastKnownFileType = sourcecode.swift; path = ResultController.swift; sourceTree = "<group>"; };
		611AA476296333040011025D /* CountParametersPresenter.swift */ = {isa = PBXFileReference; lastKnownFileType = sourcecode.swift; path = CountParametersPresenter.swift; sourceTree = "<group>"; };
		611AA47A29643C000011025D /* ResultPresenter.swift */ = {isa = PBXFileReference; lastKnownFileType = sourcecode.swift; path = ResultPresenter.swift; sourceTree = "<group>"; };
		611AA47D296450D20011025D /* BillModel.swift */ = {isa = PBXFileReference; lastKnownFileType = sourcecode.swift; path = BillModel.swift; sourceTree = "<group>"; };
/* End PBXFileReference section */

/* Begin PBXFrameworksBuildPhase section */
		611726F52709A8DA005260EC /* Frameworks */ = {
			isa = PBXFrameworksBuildPhase;
			buildActionMask = 2147483647;
			files = (
			);
			runOnlyForDeploymentPostprocessing = 0;
		};
/* End PBXFrameworksBuildPhase section */

/* Begin PBXGroup section */
		611726EF2709A8DA005260EC = {
			isa = PBXGroup;
			children = (
				611726FA2709A8DA005260EC /* iTips */,
				611726F92709A8DA005260EC /* Products */,
			);
			sourceTree = "<group>";
		};
		611726F92709A8DA005260EC /* Products */ = {
			isa = PBXGroup;
			children = (
				611726F82709A8DA005260EC /* iTips.app */,
			);
			name = Products;
			sourceTree = "<group>";
		};
		611726FA2709A8DA005260EC /* iTips */ = {
			isa = PBXGroup;
			children = (
				611727112709A91D005260EC /* Model */,
				611727102709A909005260EC /* View */,
				6117270F2709A8F7005260EC /* Controller */,
				611AA4652962F93A0011025D /* Presenter */,
				611AA4662962F9490011025D /* Supporting Files */,
			);
			path = iTips;
			sourceTree = "<group>";
		};
		6117270F2709A8F7005260EC /* Controller */ = {
			isa = PBXGroup;
			children = (
				611AA47029630C180011025D /* CountParametersController.swift */,
				611AA4742963305C0011025D /* ResultController.swift */,
			);
			path = Controller;
			sourceTree = "<group>";
		};
		611727102709A909005260EC /* View */ = {
			isa = PBXGroup;
			children = (
				611AA46A2962FC200011025D /* CountParametersView.swift */,
				611AA47229632D230011025D /* ResultView.swift */,
			);
			path = View;
			sourceTree = "<group>";
		};
		611727112709A91D005260EC /* Model */ = {
			isa = PBXGroup;
			children = (
				611AA47D296450D20011025D /* BillModel.swift */,
			);
			path = Model;
			sourceTree = "<group>";
		};
		611AA4652962F93A0011025D /* Presenter */ = {
			isa = PBXGroup;
			children = (
				611AA476296333040011025D /* CountParametersPresenter.swift */,
				611AA47A29643C000011025D /* ResultPresenter.swift */,
			);
			path = Presenter;
			sourceTree = "<group>";
		};
		611AA4662962F9490011025D /* Supporting Files */ = {
			isa = PBXGroup;
			children = (
				611AA4672962F9660011025D /* Helpers */,
				611726FB2709A8DB005260EC /* AppDelegate.swift */,
				611726FD2709A8DB005260EC /* SceneDelegate.swift */,
				611727042709A8DC005260EC /* Assets.xcassets */,
				611727092709A8DC005260EC /* Info.plist */,
			);
			path = "Supporting Files";
			sourceTree = "<group>";
		};
		611AA4672962F9660011025D /* Helpers */ = {
			isa = PBXGroup;
			children = (
				611AA4682962F9E90011025D /* UIColor+Extensions.swift */,
				611AA46C2962FD7A0011025D /* UIView+Extensions.swift */,
				611AA46E2962FF610011025D /* UIScreen+Extensions.swift */,
			);
			path = Helpers;
			sourceTree = "<group>";
		};
/* End PBXGroup section */

/* Begin PBXNativeTarget section */
		611726F72709A8DA005260EC /* iTips */ = {
			isa = PBXNativeTarget;
			buildConfigurationList = 6117270C2709A8DC005260EC /* Build configuration list for PBXNativeTarget "iTips" */;
			buildPhases = (
				611726F42709A8DA005260EC /* Sources */,
				611726F52709A8DA005260EC /* Frameworks */,
				611726F62709A8DA005260EC /* Resources */,
				611AA47C2964507C0011025D /* ShellScript */,
			);
			buildRules = (
			);
			dependencies = (
			);
			name = iTips;
			productName = iTips;
			productReference = 611726F82709A8DA005260EC /* iTips.app */;
			productType = "com.apple.product-type.application";
		};
/* End PBXNativeTarget section */

/* Begin PBXProject section */
		611726F02709A8DA005260EC /* Project object */ = {
			isa = PBXProject;
			attributes = {
				BuildIndependentTargetsInParallel = 1;
				LastSwiftUpdateCheck = 1300;
				LastUpgradeCheck = 1300;
				TargetAttributes = {
					611726F72709A8DA005260EC = {
						CreatedOnToolsVersion = 13.0;
					};
				};
			};
			buildConfigurationList = 611726F32709A8DA005260EC /* Build configuration list for PBXProject "iTips" */;
			compatibilityVersion = "Xcode 13.0";
			developmentRegion = en;
			hasScannedForEncodings = 0;
			knownRegions = (
				en,
				Base,
			);
			mainGroup = 611726EF2709A8DA005260EC;
			productRefGroup = 611726F92709A8DA005260EC /* Products */;
			projectDirPath = "";
			projectRoot = "";
			targets = (
				611726F72709A8DA005260EC /* iTips */,
			);
		};
/* End PBXProject section */

/* Begin PBXResourcesBuildPhase section */
		611726F62709A8DA005260EC /* Resources */ = {
			isa = PBXResourcesBuildPhase;
			buildActionMask = 2147483647;
			files = (
				6146CEB3270E0F9200A8ABBF /* Assets.xcassets in Resources */,
			);
			runOnlyForDeploymentPostprocessing = 0;
		};
/* End PBXResourcesBuildPhase section */

/* Begin PBXShellScriptBuildPhase section */
		611AA47C2964507C0011025D /* ShellScript */ = {
			isa = PBXShellScriptBuildPhase;
			alwaysOutOfDate = 1;
			buildActionMask = 2147483647;
			files = (
			);
			inputFileListPaths = (
			);
			inputPaths = (
			);
			outputFileListPaths = (
			);
			outputPaths = (
			);
			runOnlyForDeploymentPostprocessing = 0;
			shellPath = /bin/sh;
			shellScript = "if which swiftlint > /dev/null; then\n  swiftlint\nelse\n  echo \"warning: SwiftLint not installed, download from https://github.com/realm/SwiftLint\"\nfi\n";
		};
/* End PBXShellScriptBuildPhase section */

/* Begin PBXSourcesBuildPhase section */
		611726F42709A8DA005260EC /* Sources */ = {
			isa = PBXSourcesBuildPhase;
			buildActionMask = 2147483647;
			files = (
				611AA47B29643C000011025D /* ResultPresenter.swift in Sources */,
				611AA46D2962FD7A0011025D /* UIView+Extensions.swift in Sources */,
				611AA4692962F9E90011025D /* UIColor+Extensions.swift in Sources */,
				611AA47129630C180011025D /* CountParametersController.swift in Sources */,
				611AA47E296450D20011025D /* BillModel.swift in Sources */,
				611AA4752963305C0011025D /* ResultController.swift in Sources */,
				611AA46B2962FC200011025D /* CountParametersView.swift in Sources */,
				611AA477296333040011025D /* CountParametersPresenter.swift in Sources */,
				611726FC2709A8DB005260EC /* AppDelegate.swift in Sources */,
				611AA46F2962FF610011025D /* UIScreen+Extensions.swift in Sources */,
				611AA47329632D230011025D /* ResultView.swift in Sources */,
				611726FE2709A8DB005260EC /* SceneDelegate.swift in Sources */,
			);
			runOnlyForDeploymentPostprocessing = 0;
		};
/* End PBXSourcesBuildPhase section */

/* Begin XCBuildConfiguration section */
		6117270A2709A8DC005260EC /* Debug */ = {
			isa = XCBuildConfiguration;
			buildSettings = {
				ALWAYS_SEARCH_USER_PATHS = NO;
				CLANG_ANALYZER_NONNULL = YES;
				CLANG_ANALYZER_NUMBER_OBJECT_CONVERSION = YES_AGGRESSIVE;
				CLANG_CXX_LANGUAGE_STANDARD = "gnu++17";
				CLANG_CXX_LIBRARY = "libc++";
				CLANG_ENABLE_MODULES = YES;
				CLANG_ENABLE_OBJC_ARC = YES;
				CLANG_ENABLE_OBJC_WEAK = YES;
				CLANG_WARN_BLOCK_CAPTURE_AUTORELEASING = YES;
				CLANG_WARN_BOOL_CONVERSION = YES;
				CLANG_WARN_COMMA = YES;
				CLANG_WARN_CONSTANT_CONVERSION = YES;
				CLANG_WARN_DEPRECATED_OBJC_IMPLEMENTATIONS = YES;
				CLANG_WARN_DIRECT_OBJC_ISA_USAGE = YES_ERROR;
				CLANG_WARN_DOCUMENTATION_COMMENTS = YES;
				CLANG_WARN_EMPTY_BODY = YES;
				CLANG_WARN_ENUM_CONVERSION = YES;
				CLANG_WARN_INFINITE_RECURSION = YES;
				CLANG_WARN_INT_CONVERSION = YES;
				CLANG_WARN_NON_LITERAL_NULL_CONVERSION = YES;
				CLANG_WARN_OBJC_IMPLICIT_RETAIN_SELF = YES;
				CLANG_WARN_OBJC_LITERAL_CONVERSION = YES;
				CLANG_WARN_OBJC_ROOT_CLASS = YES_ERROR;
				CLANG_WARN_QUOTED_INCLUDE_IN_FRAMEWORK_HEADER = YES;
				CLANG_WARN_RANGE_LOOP_ANALYSIS = YES;
				CLANG_WARN_STRICT_PROTOTYPES = YES;
				CLANG_WARN_SUSPICIOUS_MOVE = YES;
				CLANG_WARN_UNGUARDED_AVAILABILITY = YES_AGGRESSIVE;
				CLANG_WARN_UNREACHABLE_CODE = YES;
				CLANG_WARN__DUPLICATE_METHOD_MATCH = YES;
				COPY_PHASE_STRIP = NO;
				DEBUG_INFORMATION_FORMAT = dwarf;
				ENABLE_STRICT_OBJC_MSGSEND = YES;
				ENABLE_TESTABILITY = YES;
				GCC_C_LANGUAGE_STANDARD = gnu11;
				GCC_DYNAMIC_NO_PIC = NO;
				GCC_NO_COMMON_BLOCKS = YES;
				GCC_OPTIMIZATION_LEVEL = 0;
				GCC_PREPROCESSOR_DEFINITIONS = (
					"DEBUG=1",
					"$(inherited)",
				);
				GCC_WARN_64_TO_32_BIT_CONVERSION = YES;
				GCC_WARN_ABOUT_RETURN_TYPE = YES_ERROR;
				GCC_WARN_UNDECLARED_SELECTOR = YES;
				GCC_WARN_UNINITIALIZED_AUTOS = YES_AGGRESSIVE;
				GCC_WARN_UNUSED_FUNCTION = YES;
				GCC_WARN_UNUSED_VARIABLE = YES;
				IPHONEOS_DEPLOYMENT_TARGET = 15.0;
				MTL_ENABLE_DEBUG_INFO = INCLUDE_SOURCE;
				MTL_FAST_MATH = YES;
				ONLY_ACTIVE_ARCH = YES;
				SDKROOT = iphoneos;
				SWIFT_ACTIVE_COMPILATION_CONDITIONS = DEBUG;
				SWIFT_OPTIMIZATION_LEVEL = "-Onone";
			};
			name = Debug;
		};
		6117270B2709A8DC005260EC /* Release */ = {
			isa = XCBuildConfiguration;
			buildSettings = {
				ALWAYS_SEARCH_USER_PATHS = NO;
				CLANG_ANALYZER_NONNULL = YES;
				CLANG_ANALYZER_NUMBER_OBJECT_CONVERSION = YES_AGGRESSIVE;
				CLANG_CXX_LANGUAGE_STANDARD = "gnu++17";
				CLANG_CXX_LIBRARY = "libc++";
				CLANG_ENABLE_MODULES = YES;
				CLANG_ENABLE_OBJC_ARC = YES;
				CLANG_ENABLE_OBJC_WEAK = YES;
				CLANG_WARN_BLOCK_CAPTURE_AUTORELEASING = YES;
				CLANG_WARN_BOOL_CONVERSION = YES;
				CLANG_WARN_COMMA = YES;
				CLANG_WARN_CONSTANT_CONVERSION = YES;
				CLANG_WARN_DEPRECATED_OBJC_IMPLEMENTATIONS = YES;
				CLANG_WARN_DIRECT_OBJC_ISA_USAGE = YES_ERROR;
				CLANG_WARN_DOCUMENTATION_COMMENTS = YES;
				CLANG_WARN_EMPTY_BODY = YES;
				CLANG_WARN_ENUM_CONVERSION = YES;
				CLANG_WARN_INFINITE_RECURSION = YES;
				CLANG_WARN_INT_CONVERSION = YES;
				CLANG_WARN_NON_LITERAL_NULL_CONVERSION = YES;
				CLANG_WARN_OBJC_IMPLICIT_RETAIN_SELF = YES;
				CLANG_WARN_OBJC_LITERAL_CONVERSION = YES;
				CLANG_WARN_OBJC_ROOT_CLASS = YES_ERROR;
				CLANG_WARN_QUOTED_INCLUDE_IN_FRAMEWORK_HEADER = YES;
				CLANG_WARN_RANGE_LOOP_ANALYSIS = YES;
				CLANG_WARN_STRICT_PROTOTYPES = YES;
				CLANG_WARN_SUSPICIOUS_MOVE = YES;
				CLANG_WARN_UNGUARDED_AVAILABILITY = YES_AGGRESSIVE;
				CLANG_WARN_UNREACHABLE_CODE = YES;
				CLANG_WARN__DUPLICATE_METHOD_MATCH = YES;
				COPY_PHASE_STRIP = NO;
				DEBUG_INFORMATION_FORMAT = "dwarf-with-dsym";
				ENABLE_NS_ASSERTIONS = NO;
				ENABLE_STRICT_OBJC_MSGSEND = YES;
				GCC_C_LANGUAGE_STANDARD = gnu11;
				GCC_NO_COMMON_BLOCKS = YES;
				GCC_WARN_64_TO_32_BIT_CONVERSION = YES;
				GCC_WARN_ABOUT_RETURN_TYPE = YES_ERROR;
				GCC_WARN_UNDECLARED_SELECTOR = YES;
				GCC_WARN_UNINITIALIZED_AUTOS = YES_AGGRESSIVE;
				GCC_WARN_UNUSED_FUNCTION = YES;
				GCC_WARN_UNUSED_VARIABLE = YES;
				IPHONEOS_DEPLOYMENT_TARGET = 15.0;
				MTL_ENABLE_DEBUG_INFO = NO;
				MTL_FAST_MATH = YES;
				SDKROOT = iphoneos;
				SWIFT_COMPILATION_MODE = wholemodule;
				SWIFT_OPTIMIZATION_LEVEL = "-O";
				VALIDATE_PRODUCT = YES;
			};
			name = Release;
		};
		6117270D2709A8DC005260EC /* Debug */ = {
			isa = XCBuildConfiguration;
			buildSettings = {
				ASSETCATALOG_COMPILER_APPICON_NAME = AppIcon;
				ASSETCATALOG_COMPILER_GLOBAL_ACCENT_COLOR_NAME = AccentColor;
				ASSETCATALOG_COMPILER_INCLUDE_ALL_APPICON_ASSETS = YES;
				CODE_SIGN_STYLE = Automatic;
				CURRENT_PROJECT_VERSION = 1;
				DEVELOPMENT_TEAM = 7WTLW784B9;
				GENERATE_INFOPLIST_FILE = YES;
				INFOPLIST_FILE = "iTips/Supporting Files/Info.plist";
				INFOPLIST_KEY_UIApplicationSupportsIndirectInputEvents = YES;
				INFOPLIST_KEY_UILaunchStoryboardName = Main;
				INFOPLIST_KEY_UISupportedInterfaceOrientations = UIInterfaceOrientationPortrait;
				INFOPLIST_KEY_UISupportedInterfaceOrientations_iPad = "UIInterfaceOrientationPortrait UIInterfaceOrientationPortraitUpsideDown UIInterfaceOrientationLandscapeLeft UIInterfaceOrientationLandscapeRight";
				INFOPLIST_KEY_UISupportedInterfaceOrientations_iPhone = "UIInterfaceOrientationPortrait UIInterfaceOrientationLandscapeLeft UIInterfaceOrientationLandscapeRight";
				LD_RUNPATH_SEARCH_PATHS = (
					"$(inherited)",
					"@executable_path/Frameworks",
				);
				MARKETING_VERSION = 1.0;
				PRODUCT_BUNDLE_IDENTIFIER = com.Ilya.iTips;
				PRODUCT_NAME = "$(TARGET_NAME)";
				SUPPORTED_PLATFORMS = "iphoneos iphonesimulator";
				SUPPORTS_MACCATALYST = NO;
				SUPPORTS_MAC_DESIGNED_FOR_IPHONE_IPAD = NO;
				SWIFT_EMIT_LOC_STRINGS = YES;
				SWIFT_VERSION = 5.0;
				TARGETED_DEVICE_FAMILY = 1;
			};
			name = Debug;
		};
		6117270E2709A8DC005260EC /* Release */ = {
			isa = XCBuildConfiguration;
			buildSettings = {
				ASSETCATALOG_COMPILER_APPICON_NAME = AppIcon;
				ASSETCATALOG_COMPILER_GLOBAL_ACCENT_COLOR_NAME = AccentColor;
				ASSETCATALOG_COMPILER_INCLUDE_ALL_APPICON_ASSETS = YES;
				CODE_SIGN_STYLE = Automatic;
				CURRENT_PROJECT_VERSION = 1;
				DEVELOPMENT_TEAM = 7WTLW784B9;
				GENERATE_INFOPLIST_FILE = YES;
				INFOPLIST_FILE = "iTips/Supporting Files/Info.plist";
				INFOPLIST_KEY_UIApplicationSupportsIndirectInputEvents = YES;
				INFOPLIST_KEY_UILaunchStoryboardName = Main;
				INFOPLIST_KEY_UISupportedInterfaceOrientations = UIInterfaceOrientationPortrait;
				INFOPLIST_KEY_UISupportedInterfaceOrientations_iPad = "UIInterfaceOrientationPortrait UIInterfaceOrientationPortraitUpsideDown UIInterfaceOrientationLandscapeLeft UIInterfaceOrientationLandscapeRight";
				INFOPLIST_KEY_UISupportedInterfaceOrientations_iPhone = "UIInterfaceOrientationPortrait UIInterfaceOrientationLandscapeLeft UIInterfaceOrientationLandscapeRight";
				LD_RUNPATH_SEARCH_PATHS = (
					"$(inherited)",
					"@executable_path/Frameworks",
				);
				MARKETING_VERSION = 1.0;
				PRODUCT_BUNDLE_IDENTIFIER = com.Ilya.iTips;
				PRODUCT_NAME = "$(TARGET_NAME)";
				SUPPORTED_PLATFORMS = "iphoneos iphonesimulator";
				SUPPORTS_MACCATALYST = NO;
				SUPPORTS_MAC_DESIGNED_FOR_IPHONE_IPAD = NO;
				SWIFT_EMIT_LOC_STRINGS = YES;
				SWIFT_VERSION = 5.0;
				TARGETED_DEVICE_FAMILY = 1;
			};
			name = Release;
		};
/* End XCBuildConfiguration section */

/* Begin XCConfigurationList section */
		611726F32709A8DA005260EC /* Build configuration list for PBXProject "iTips" */ = {
			isa = XCConfigurationList;
			buildConfigurations = (
				6117270A2709A8DC005260EC /* Debug */,
				6117270B2709A8DC005260EC /* Release */,
			);
			defaultConfigurationIsVisible = 0;
			defaultConfigurationName = Release;
		};
		6117270C2709A8DC005260EC /* Build configuration list for PBXNativeTarget "iTips" */ = {
			isa = XCConfigurationList;
			buildConfigurations = (
				6117270D2709A8DC005260EC /* Debug */,
				6117270E2709A8DC005260EC /* Release */,
			);
			defaultConfigurationIsVisible = 0;
			defaultConfigurationName = Release;
		};
/* End XCConfigurationList section */
	};
	rootObject = 611726F02709A8DA005260EC /* Project object */;
}
